
Microsoft Visual Studio Solution File, Format Version 12.00
# Visual Studio Express 2013 for Windows Desktop
VisualStudioVersion = 12.0.31101.0
MinimumVisualStudioVersion = 10.0.40219.1
Project("{FAE04EC0-301F-11D3-BF4B-00C04F79EFBC}") = "Rotogravure", "Rotogravure\Rotogravure.csproj", "{579F7194-30E6-4421-8588-E62AE7A55733}"
	ProjectSection(ProjectDependencies) = postProject
		{0E122EEC-7AD1-40B7-8165-5ED94289D351} = {0E122EEC-7AD1-40B7-8165-5ED94289D351}
	EndProjectSection
EndProject
Project("{FAE04EC0-301F-11D3-BF4B-00C04F79EFBC}") = "RevitCron", "RevitCron\RevitCron.csproj", "{0E122EEC-7AD1-40B7-8165-5ED94289D351}"
EndProject
Project("{FAE04EC0-301F-11D3-BF4B-00C04F79EFBC}") = "RCron", "RCron\RCron.csproj", "{D1CE21FE-6464-4F92-B972-00B3719472FD}"
	ProjectSection(ProjectDependencies) = postProject
		{0E122EEC-7AD1-40B7-8165-5ED94289D351} = {0E122EEC-7AD1-40B7-8165-5ED94289D351}
	EndProjectSection
EndProject
Project("{FAE04EC0-301F-11D3-BF4B-00C04F79EFBC}") = "RCronD", "RCronD\RCronD.csproj", "{89F05105-9A05-4311-BC63-313E54BD8574}"
	ProjectSection(ProjectDependencies) = postProject
		{0E122EEC-7AD1-40B7-8165-5ED94289D351} = {0E122EEC-7AD1-40B7-8165-5ED94289D351}
	EndProjectSection
EndProject
Project("{FAE04EC0-301F-11D3-BF4B-00C04F79EFBC}") = "RCronTest", "RCronTest\RCronTest.csproj", "{8904430D-094A-4109-BB4D-C702991055DD}"
	ProjectSection(ProjectDependencies) = postProject
		{89F05105-9A05-4311-BC63-313E54BD8574} = {89F05105-9A05-4311-BC63-313E54BD8574}
		{579F7194-30E6-4421-8588-E62AE7A55733} = {579F7194-30E6-4421-8588-E62AE7A55733}
		{0E122EEC-7AD1-40B7-8165-5ED94289D351} = {0E122EEC-7AD1-40B7-8165-5ED94289D351}
		{D1CE21FE-6464-4F92-B972-00B3719472FD} = {D1CE21FE-6464-4F92-B972-00B3719472FD}
	EndProjectSection
EndProject
Project("{FAE04EC0-301F-11D3-BF4B-00C04F79EFBC}") = "RevitHandler", "RevitHandler\RevitHandler.csproj", "{18A69B9F-3F27-4785-8033-19626BB8B628}"
EndProject
Global
	GlobalSection(SolutionConfigurationPlatforms) = preSolution
		Debug|Any CPU = Debug|Any CPU
		Release|Any CPU = Release|Any CPU
	EndGlobalSection
	GlobalSection(ProjectConfigurationPlatforms) = postSolution
		{579F7194-30E6-4421-8588-E62AE7A55733}.Debug|Any CPU.ActiveCfg = Debug|Any CPU
		{579F7194-30E6-4421-8588-E62AE7A55733}.Debug|Any CPU.Build.0 = Debug|Any CPU
		{579F7194-30E6-4421-8588-E62AE7A55733}.Release|Any CPU.ActiveCfg = Release|Any CPU
		{579F7194-30E6-4421-8588-E62AE7A55733}.Release|Any CPU.Build.0 = Release|Any CPU
		{0E122EEC-7AD1-40B7-8165-5ED94289D351}.Debug|Any CPU.ActiveCfg = Debug|Any CPU
		{0E122EEC-7AD1-40B7-8165-5ED94289D351}.Debug|Any CPU.Build.0 = Debug|Any CPU
		{0E122EEC-7AD1-40B7-8165-5ED94289D351}.Release|Any CPU.ActiveCfg = Release|Any CPU
		{0E122EEC-7AD1-40B7-8165-5ED94289D351}.Release|Any CPU.Build.0 = Release|Any CPU
		{D1CE21FE-6464-4F92-B972-00B3719472FD}.Debug|Any CPU.ActiveCfg = Debug|Any CPU
		{D1CE21FE-6464-4F92-B972-00B3719472FD}.Debug|Any CPU.Build.0 = Debug|Any CPU
		{D1CE21FE-6464-4F92-B972-00B3719472FD}.Release|Any CPU.ActiveCfg = Release|Any CPU
		{D1CE21FE-6464-4F92-B972-00B3719472FD}.Release|Any CPU.Build.0 = Release|Any CPU
		{89F05105-9A05-4311-BC63-313E54BD8574}.Debug|Any CPU.ActiveCfg = Debug|Any CPU
		{89F05105-9A05-4311-BC63-313E54BD8574}.Debug|Any CPU.Build.0 = Debug|Any CPU
		{89F05105-9A05-4311-BC63-313E54BD8574}.Release|Any CPU.ActiveCfg = Release|Any CPU
		{89F05105-9A05-4311-BC63-313E54BD8574}.Release|Any CPU.Build.0 = Release|Any CPU
		{8904430D-094A-4109-BB4D-C702991055DD}.Debug|Any CPU.ActiveCfg = Debug|Any CPU
		{8904430D-094A-4109-BB4D-C702991055DD}.Debug|Any CPU.Build.0 = Debug|Any CPU
		{8904430D-094A-4109-BB4D-C702991055DD}.Release|Any CPU.ActiveCfg = Release|Any CPU
		{8904430D-094A-4109-BB4D-C702991055DD}.Release|Any CPU.Build.0 = Release|Any CPU
		{18A69B9F-3F27-4785-8033-19626BB8B628}.Debug|Any CPU.ActiveCfg = Debug|Any CPU
		{18A69B9F-3F27-4785-8033-19626BB8B628}.Debug|Any CPU.Build.0 = Debug|Any CPU
		{18A69B9F-3F27-4785-8033-19626BB8B628}.Release|Any CPU.ActiveCfg = Release|Any CPU
		{18A69B9F-3F27-4785-8033-19626BB8B628}.Release|Any CPU.Build.0 = Release|Any CPU
	EndGlobalSection
	GlobalSection(SolutionProperties) = preSolution
		HideSolutionNode = FALSE
	EndGlobalSection
EndGlobal
